
Microsoft Visual Studio Solution File, Format Version 12.00
# Visual Studio Version 17
VisualStudioVersion = 17.1.32319.34
MinimumVisualStudioVersion = 10.0.40219.1
Project("{FAE04EC0-301F-11D3-BF4B-00C04F79EFBC}") = "Swashbuckle", "Swashbuckle\Swashbuckle.csproj", "{51F2E272-F874-4E29-B290-083E30F9FE21}"
EndProject
Global
	GlobalSection(SolutionConfigurationPlatforms) = preSolution
		Debug|Any CPU = Debug|Any CPU
		Release|Any CPU = Release|Any CPU
	EndGlobalSection
	GlobalSection(ProjectConfigurationPlatforms) = postSolution
		{51F2E272-F874-4E29-B290-083E30F9FE21}.Debug|Any CPU.ActiveCfg = Debug|Any CPU
		{51F2E272-F874-4E29-B290-083E30F9FE21}.Debug|Any CPU.Build.0 = Debug|Any CPU
		{51F2E272-F874-4E29-B290-083E30F9FE21}.Release|Any CPU.ActiveCfg = Release|Any CPU
		{51F2E272-F874-4E29-B290-083E30F9FE21}.Release|Any CPU.Build.0 = Release|Any CPU
	EndGlobalSection
	GlobalSection(SolutionProperties) = preSolution
		HideSolutionNode = FALSE
	EndGlobalSection
	GlobalSection(ExtensibilityGlobals) = postSolution
		SolutionGuid = {82B7AAF9-1570-411E-8A55-4101B88FC7BB}
	EndGlobalSection
EndGlobal
